# This file is autogenerated, do not edit; changes may be undone by the next 'dep ensure'.


[[projects]]
  branch = "master"
  name = "github.com/Azure/go-ansiterm"
  packages = [".","winterm"]
  revision = "d6e3b3328b783f23731bc4d058875b0371ff8109"

[[projects]]
  name = "github.com/Microsoft/go-winio"
  packages = ["."]
  revision = "fff283ad5116362ca252298cfc9b95828956d85d"
  version = "v0.3.8"

[[projects]]
  branch = "master"
  name = "github.com/Nvveen/Gotty"
  packages = ["."]
  revision = "cd527374f1e5bff4938207604a14f2e38a9cf512"

[[projects]]
  name = "github.com/containerd/continuity"
  packages = ["pathdriver"]
  revision = "35d55c5e8dd23b32037d56cf97174aff3efdfa83"

[[projects]]
  name = "github.com/davecgh/go-spew"
  packages = ["spew"]
  revision = "6d212800a42e8ab5c146b8ace3490ee17e5225f9"

[[projects]]
  name = "github.com/docker/cli"
  packages = ["cli/command/image/build","cli/config","cli/config/configfile","cli/config/credentials","opts"]
  revision = "3352c0e137e80b7e10fb0efc9812df7bca9497a2"

[[projects]]
  name = "github.com/docker/distribution"
  packages = [".","context","digestset","reference","registry/api/errcode","registry/api/v2","registry/client","registry/client/auth","registry/client/auth/challenge","registry/client/transport","registry/storage/cache","registry/storage/cache/memory","uuid"]
  revision = "edc3ab29cdff8694dd6feb85cfeb4b5f1b38ed9c"

[[projects]]
  name = "github.com/docker/docker"
  packages = ["api","api/types","api/types/blkiodev","api/types/container","api/types/events","api/types/filters","api/types/image","api/types/mount","api/types/network","api/types/registry","api/types/strslice","api/types/swarm","api/types/swarm/runtime","api/types/time","api/types/versions","api/types/volume","builder/dockerignore","builder/remotecontext/git","client","pkg/archive","pkg/fileutils","pkg/homedir","pkg/idtools","pkg/ioutils","pkg/jsonmessage","pkg/longpath","pkg/mount","pkg/pools","pkg/progress","pkg/stdcopy","pkg/streamformatter","pkg/stringid","pkg/symlink","pkg/system","pkg/tarsum","pkg/term","pkg/term/windows","pkg/urlutil","registry","registry/resumable"]
  revision = "7848b8beb9d38a98a78b75f78e05f8d2255f9dfe"

[[projects]]
  name = "github.com/docker/docker-credential-helpers"
  packages = ["client","credentials","pass"]
  revision = "3c90bd29a46b943b2a9842987b58fb91a7c1819b"

[[projects]]
  name = "github.com/docker/go-connections"
  packages = ["nat","sockets","tlsconfig"]
  revision = "3ede32e2033de7505e6500d6c868c2b9ed9f169d"
  version = "v0.3.0"

[[projects]]
  name = "github.com/docker/go-units"
  packages = ["."]
  revision = "9e638d38cf6977a37a8ea0078f3ee75a7cdb2dd1"

[[projects]]
  branch = "master"
  name = "github.com/flynn/go-shlex"
  packages = ["."]
  revision = "3f9db97f856818214da2e1057f8ad84803971cff"

[[projects]]
  name = "github.com/gogo/protobuf"
  packages = ["proto"]
  revision = "100ba4e885062801d56799d78530b73b178a78f3"
  version = "v0.4"

[[projects]]
  name = "github.com/gorilla/context"
  packages = ["."]
  revision = "1ea25387ff6f684839d82767c1733ff4d4d15d0a"
  version = "v1.1"

[[projects]]
  name = "github.com/gorilla/mux"
  packages = ["."]
  revision = "0eeaf8392f5b04950925b8a69fe70f110fa7cbfc"
  version = "v1.1"

[[projects]]
  name = "github.com/kr/pty"
  packages = ["."]
  revision = "5cf931ef8f"

[[projects]]
  name = "github.com/opencontainers/go-digest"
  packages = ["."]
  revision = "a6d0ee40d4207ea02364bd3b9e8e77b9159ba1eb"

[[projects]]
  name = "github.com/opencontainers/image-spec"
  packages = ["specs-go","specs-go/v1"]
  revision = "f03dbe35d449c54915d235f1a3cf8f585a24babe"

[[projects]]
  name = "github.com/opencontainers/runc"
  packages = ["libcontainer/system","libcontainer/user"]
  revision = "51371867a01c467f08af739783b8beafc15"

[[projects]]
  name = "github.com/pkg/errors"
  packages = ["."]
  revision = "839d9e913e063e28dfd0e6c7b7512793e0a48be9"

[[projects]]
  name = "github.com/pmezard/go-difflib"
  packages = ["difflib"]
  revision = "d8ed2627bdf02c080bf22230dbb337003b7aba2d"

[[projects]]
  name = "github.com/sirupsen/logrus"
  packages = ["."]
  revision = "f006c2ac4710855cf0f916dd6b77acf6b048dc6e"
  version = "v1.0.3"

[[projects]]
  name = "github.com/stretchr/testify"
  packages = ["assert"]
  revision = "a1f97990ddc16022ec7610326dd9bce31332c116"

[[projects]]
  name = "github.com/urfave/cli"
  packages = ["."]
  revision = "1efa31f08b9333f1bd4882d61f9d668a70cd902e"
  version = "v1.18.0"

[[projects]]
  name = "github.com/xeipuuv/gojsonpointer"
  packages = ["."]
  revision = "e0fe6f68307607d540ed8eac07a342c33fa1b54a"

[[projects]]
  name = "github.com/xeipuuv/gojsonreference"
  packages = ["."]
  revision = "e02fc20de94c78484cd5ffb007f8af96be030a45"

[[projects]]
  name = "github.com/xeipuuv/gojsonschema"
  packages = ["."]
  revision = "93e72a773fade158921402d6a24c819b48aba29d"

[[projects]]
  name = "golang.org/x/crypto"
  packages = ["ssh/terminal"]
  revision = "3fbbcd23f1cb824e69491a5930cfeff09b12f4d2"

[[projects]]
  name = "golang.org/x/net"
  packages = ["context","context/ctxhttp","proxy"]
  revision = "c427ad74c6d7a814201695e9ffde0c5d400a7674"

[[projects]]
  name = "golang.org/x/sys"
  packages = ["unix","windows"]
  revision = "8dbc5d05d6edcc104950cc299a1ce6641235bc86"

[[projects]]
  name = "golang.org/x/time"
  packages = ["rate"]
  revision = "a4bde12657593d5e90d0533a3e4fd95e635124cb"

[[projects]]
  name = "gopkg.in/check.v1"
  packages = ["."]
  revision = "11d3bc7aa68e238947792f30573146a3231fc0f1"

[[projects]]
  name = "gopkg.in/yaml.v2"
  packages = ["."]
  revision = "4c78c975fe7c825c6d1466c42be594d1d6f3aba6"

[solve-meta]
  analyzer-name = "dep"
  analyzer-version = 1
  inputs-digest = "f2d1fef126b2d17732480c628cf14e4d2c7e127fb9f5ab18507ee819be01ad2e"
  solver-name = "gps-cdcl"
  solver-version = 1
